<?xml version="1.0" encoding="utf-8"?>
<Project ToolsVersion="4.0" xmlns="http://schemas.microsoft.com/developer/msbuild/2003">
  <ItemGroup>
    <ClInclude Include="Student.h" />
    <ClInclude Include="Vykladach.h" />
    <ClInclude Include="Ekzamen.h" />
    <ClInclude Include="ZalikovaKnyzhka.h" />
  </ItemGroup>
  <ItemGroup>
    <ClCompile Include="Student.cpp" />
    <ClCompile Include="Ekzamen.cpp" />
    <ClCompile Include="Vykladach.cpp" />
    <ClCompile Include="ZalikovaKnyzhka.cpp" />
    <ClCompile Include="MainFile.cpp" />
  </ItemGroup>
</Project>